
Microsoft Visual Studio Solution File, Format Version 12.00
# Visual Studio 15
VisualStudioVersion = 15.0.27428.2015
MinimumVisualStudioVersion = 10.0.40219.1
Project("{FAE04EC0-301F-11D3-BF4B-00C04F79EFBC}") = "cygl.BLL", "cygl.BLL\cygl.BLL.csproj", "{8AEC53A9-E6D0-4EFA-A194-14F866FF9548}"
EndProject
Project("{FAE04EC0-301F-11D3-BF4B-00C04F79EFBC}") = "cygl.DAL", "cygl.DAL\cygl.DAL.csproj", "{2946DA67-78EB-4E4B-8514-4A594153BEF8}"
EndProject
Project("{FAE04EC0-301F-11D3-BF4B-00C04F79EFBC}") = "cygl.Model", "cygl.Model\cygl.Model.csproj", "{2C25C494-F127-48B3-847F-E3C90C1A4EFC}"
EndProject
Project("{FAE04EC0-301F-11D3-BF4B-00C04F79EFBC}") = "cygl.Helper", "cygl.Helper\cygl.Helper.csproj", "{3FEF0D77-FA0C-438C-9C8D-C469CCE90893}"
EndProject
Project("{FAE04EC0-301F-11D3-BF4B-00C04F79EFBC}") = "cygl.UI", "cygl.UI\cygl.UI.csproj", "{CD9DFC74-0034-4881-A3BD-8A8E92285913}"
EndProject
Project("{54435603-DBB4-11D2-8724-00A0C9A8B90C}") = "CateringManager", "CateringManager\CateringManager.vdproj", "{9242AAA7-258B-4A14-A14D-69B63D080C34}"
EndProject
Global
	GlobalSection(SolutionConfigurationPlatforms) = preSolution
		Debug|Any CPU = Debug|Any CPU
		Release|Any CPU = Release|Any CPU
	EndGlobalSection
	GlobalSection(ProjectConfigurationPlatforms) = postSolution
		{8AEC53A9-E6D0-4EFA-A194-14F866FF9548}.Debug|Any CPU.ActiveCfg = Debug|Any CPU
		{8AEC53A9-E6D0-4EFA-A194-14F866FF9548}.Debug|Any CPU.Build.0 = Debug|Any CPU
		{8AEC53A9-E6D0-4EFA-A194-14F866FF9548}.Release|Any CPU.ActiveCfg = Release|Any CPU
		{8AEC53A9-E6D0-4EFA-A194-14F866FF9548}.Release|Any CPU.Build.0 = Release|Any CPU
		{2946DA67-78EB-4E4B-8514-4A594153BEF8}.Debug|Any CPU.ActiveCfg = Debug|Any CPU
		{2946DA67-78EB-4E4B-8514-4A594153BEF8}.Debug|Any CPU.Build.0 = Debug|Any CPU
		{2946DA67-78EB-4E4B-8514-4A594153BEF8}.Release|Any CPU.ActiveCfg = Release|Any CPU
		{2946DA67-78EB-4E4B-8514-4A594153BEF8}.Release|Any CPU.Build.0 = Release|Any CPU
		{2C25C494-F127-48B3-847F-E3C90C1A4EFC}.Debug|Any CPU.ActiveCfg = Debug|Any CPU
		{2C25C494-F127-48B3-847F-E3C90C1A4EFC}.Debug|Any CPU.Build.0 = Debug|Any CPU
		{2C25C494-F127-48B3-847F-E3C90C1A4EFC}.Release|Any CPU.ActiveCfg = Release|Any CPU
		{2C25C494-F127-48B3-847F-E3C90C1A4EFC}.Release|Any CPU.Build.0 = Release|Any CPU
		{3FEF0D77-FA0C-438C-9C8D-C469CCE90893}.Debug|Any CPU.ActiveCfg = Debug|Any CPU
		{3FEF0D77-FA0C-438C-9C8D-C469CCE90893}.Debug|Any CPU.Build.0 = Debug|Any CPU
		{3FEF0D77-FA0C-438C-9C8D-C469CCE90893}.Release|Any CPU.ActiveCfg = Release|Any CPU
		{3FEF0D77-FA0C-438C-9C8D-C469CCE90893}.Release|Any CPU.Build.0 = Release|Any CPU
		{CD9DFC74-0034-4881-A3BD-8A8E92285913}.Debug|Any CPU.ActiveCfg = Debug|Any CPU
		{CD9DFC74-0034-4881-A3BD-8A8E92285913}.Debug|Any CPU.Build.0 = Debug|Any CPU
		{CD9DFC74-0034-4881-A3BD-8A8E92285913}.Release|Any CPU.ActiveCfg = Release|Any CPU
		{CD9DFC74-0034-4881-A3BD-8A8E92285913}.Release|Any CPU.Build.0 = Release|Any CPU
		{9242AAA7-258B-4A14-A14D-69B63D080C34}.Debug|Any CPU.ActiveCfg = Debug
		{9242AAA7-258B-4A14-A14D-69B63D080C34}.Release|Any CPU.ActiveCfg = Release
	EndGlobalSection
	GlobalSection(SolutionProperties) = preSolution
		HideSolutionNode = FALSE
	EndGlobalSection
	GlobalSection(ExtensibilityGlobals) = postSolution
		SolutionGuid = {4CB94787-6757-48CC-A0FB-5F2E8D8A3592}
	EndGlobalSection
EndGlobal
